
Microsoft Visual Studio Solution File, Format Version 12.00
# Visual Studio 14
VisualStudioVersion = 14.0.25420.1
MinimumVisualStudioVersion = 10.0.40219.1
Project("{FAE04EC0-301F-11D3-BF4B-00C04F79EFBC}") = "Paypal.Exporter", "Paypal.Exporter.csproj", "{7F3D8B9D-0187-4264-AB26-57523A9C38CE}"
EndProject
Project("{FAE04EC0-301F-11D3-BF4B-00C04F79EFBC}") = "Core.UnitTests", "Core.UnitTests\Core.UnitTests.csproj", "{120B0F5B-934F-4490-AC9B-588F3D7892FC}"
EndProject
Global
	GlobalSection(SolutionConfigurationPlatforms) = preSolution
		Debug|Any CPU = Debug|Any CPU
		Release|Any CPU = Release|Any CPU
	EndGlobalSection
	GlobalSection(ProjectConfigurationPlatforms) = postSolution
		{7F3D8B9D-0187-4264-AB26-57523A9C38CE}.Debug|Any CPU.ActiveCfg = Debug|Any CPU
		{7F3D8B9D-0187-4264-AB26-57523A9C38CE}.Debug|Any CPU.Build.0 = Debug|Any CPU
		{7F3D8B9D-0187-4264-AB26-57523A9C38CE}.Release|Any CPU.ActiveCfg = Release|Any CPU
		{7F3D8B9D-0187-4264-AB26-57523A9C38CE}.Release|Any CPU.Build.0 = Release|Any CPU
		{120B0F5B-934F-4490-AC9B-588F3D7892FC}.Debug|Any CPU.ActiveCfg = Debug|Any CPU
		{120B0F5B-934F-4490-AC9B-588F3D7892FC}.Debug|Any CPU.Build.0 = Debug|Any CPU
		{120B0F5B-934F-4490-AC9B-588F3D7892FC}.Release|Any CPU.ActiveCfg = Release|Any CPU
		{120B0F5B-934F-4490-AC9B-588F3D7892FC}.Release|Any CPU.Build.0 = Release|Any CPU
	EndGlobalSection
	GlobalSection(SolutionProperties) = preSolution
		HideSolutionNode = FALSE
	EndGlobalSection
	GlobalSection(TeamFoundationVersionControl) = preSolution
		SccNumberOfProjects = 2
		SccEnterpriseProvider = {4CA58AB2-18FA-4F8D-95D4-32DDF27D184C}
		SccTeamFoundationServer = https://nads205.visualstudio.com/defaultcollection
		SccProjectUniqueName0 = Paypal.Exporter.csproj
		SccProjectName0 = .
		SccAuxPath0 = https://nads205.visualstudio.com/defaultcollection
		SccLocalPath0 = .
		SccProvider0 = {4CA58AB2-18FA-4F8D-95D4-32DDF27D184C}
		SccProjectUniqueName1 = Core.UnitTests\\Core.UnitTests.csproj
		SccProjectName1 = Core.UnitTests
		SccAuxPath1 = https://nads205.visualstudio.com/defaultcollection
		SccLocalPath1 = Core.UnitTests
		SccProvider1 = {4CA58AB2-18FA-4F8D-95D4-32DDF27D184C}
	EndGlobalSection
EndGlobal
